
Microsoft Visual Studio Solution File, Format Version 12.00
# Visual Studio Version 16
VisualStudioVersion = 16.0.31129.286
MinimumVisualStudioVersion = 10.0.40219.1
Project("{9A19103F-16F7-4668-BE54-9A1E7A4F7556}") = "SharpRNA", "SharpRNA\SharpRNA.csproj", "{EC1E7933-DAAF-4333-B184-B294926E1297}"
EndProject
Project("{9A19103F-16F7-4668-BE54-9A1E7A4F7556}") = "SharpRNA.Tests", "SharpRNA.Tests\SharpRNA.Tests.csproj", "{D0FFACA2-DC07-4FBF-8F2D-096ABEEC07BD}"
EndProject
Project("{FAE04EC0-301F-11D3-BF4B-00C04F79EFBC}") = "SharpRNA.Tools", "SharpRNA.Tools\SharpRNA.Tools.csproj", "{4619C38D-74D3-47E1-AC9E-FAB642565069}"
	ProjectSection(ProjectDependencies) = postProject
		{EC1E7933-DAAF-4333-B184-B294926E1297} = {EC1E7933-DAAF-4333-B184-B294926E1297}
	EndProjectSection
EndProject
Global
	GlobalSection(SolutionConfigurationPlatforms) = preSolution
		Debug|Any CPU = Debug|Any CPU
		Release|Any CPU = Release|Any CPU
	EndGlobalSection
	GlobalSection(ProjectConfigurationPlatforms) = postSolution
		{EC1E7933-DAAF-4333-B184-B294926E1297}.Debug|Any CPU.ActiveCfg = Debug|Any CPU
		{EC1E7933-DAAF-4333-B184-B294926E1297}.Debug|Any CPU.Build.0 = Debug|Any CPU
		{EC1E7933-DAAF-4333-B184-B294926E1297}.Release|Any CPU.ActiveCfg = Release|Any CPU
		{EC1E7933-DAAF-4333-B184-B294926E1297}.Release|Any CPU.Build.0 = Release|Any CPU
		{D0FFACA2-DC07-4FBF-8F2D-096ABEEC07BD}.Debug|Any CPU.ActiveCfg = Debug|Any CPU
		{D0FFACA2-DC07-4FBF-8F2D-096ABEEC07BD}.Debug|Any CPU.Build.0 = Debug|Any CPU
		{D0FFACA2-DC07-4FBF-8F2D-096ABEEC07BD}.Release|Any CPU.ActiveCfg = Release|Any CPU
		{D0FFACA2-DC07-4FBF-8F2D-096ABEEC07BD}.Release|Any CPU.Build.0 = Release|Any CPU
		{4619C38D-74D3-47E1-AC9E-FAB642565069}.Debug|Any CPU.ActiveCfg = Debug|Any CPU
		{4619C38D-74D3-47E1-AC9E-FAB642565069}.Debug|Any CPU.Build.0 = Debug|Any CPU
		{4619C38D-74D3-47E1-AC9E-FAB642565069}.Release|Any CPU.ActiveCfg = Release|Any CPU
		{4619C38D-74D3-47E1-AC9E-FAB642565069}.Release|Any CPU.Build.0 = Release|Any CPU
	EndGlobalSection
	GlobalSection(SolutionProperties) = preSolution
		HideSolutionNode = FALSE
	EndGlobalSection
	GlobalSection(ExtensibilityGlobals) = postSolution
		SolutionGuid = {5E50E781-5498-4917-9491-D67F6916467A}
	EndGlobalSection
EndGlobal
